
Microsoft Visual Studio Solution File, Format Version 12.00
# Visual Studio Version 16
VisualStudioVersion = 16.0.32106.194
MinimumVisualStudioVersion = 10.0.40219.1
Project("{FAE04EC0-301F-11D3-BF4B-00C04F79EFBC}") = "GameProject4", "GameProject4\GameProject4.csproj", "{F4CC2E8D-3201-417F-B5B7-55AB62D23D26}"
EndProject
Global
	GlobalSection(SolutionConfigurationPlatforms) = preSolution
		Debug|Any CPU = Debug|Any CPU
		Release|Any CPU = Release|Any CPU
	EndGlobalSection
	GlobalSection(ProjectConfigurationPlatforms) = postSolution
		{F4CC2E8D-3201-417F-B5B7-55AB62D23D26}.Debug|Any CPU.ActiveCfg = Debug|Any CPU
		{F4CC2E8D-3201-417F-B5B7-55AB62D23D26}.Debug|Any CPU.Build.0 = Debug|Any CPU
		{F4CC2E8D-3201-417F-B5B7-55AB62D23D26}.Release|Any CPU.ActiveCfg = Release|Any CPU
		{F4CC2E8D-3201-417F-B5B7-55AB62D23D26}.Release|Any CPU.Build.0 = Release|Any CPU
	EndGlobalSection
	GlobalSection(SolutionProperties) = preSolution
		HideSolutionNode = FALSE
	EndGlobalSection
	GlobalSection(ExtensibilityGlobals) = postSolution
		SolutionGuid = {AC9D813A-745A-4C4A-9968-9A9BA87EDB03}
	EndGlobalSection
EndGlobal
